
Microsoft Visual Studio Solution File, Format Version 12.00
# Visual Studio Version 17
VisualStudioVersion = 17.3.32922.545
MinimumVisualStudioVersion = 10.0.40219.1
Project("{FAE04EC0-301F-11D3-BF4B-00C04F79EFBC}") = "Enum", "Enum\Enum.csproj", "{75789C06-8AF3-4B88-9533-CD3B4ABD2D1F}"
EndProject
Global
	GlobalSection(SolutionConfigurationPlatforms) = preSolution
		Debug|Any CPU = Debug|Any CPU
		Release|Any CPU = Release|Any CPU
	EndGlobalSection
	GlobalSection(ProjectConfigurationPlatforms) = postSolution
		{75789C06-8AF3-4B88-9533-CD3B4ABD2D1F}.Debug|Any CPU.ActiveCfg = Debug|Any CPU
		{75789C06-8AF3-4B88-9533-CD3B4ABD2D1F}.Debug|Any CPU.Build.0 = Debug|Any CPU
		{75789C06-8AF3-4B88-9533-CD3B4ABD2D1F}.Release|Any CPU.ActiveCfg = Release|Any CPU
		{75789C06-8AF3-4B88-9533-CD3B4ABD2D1F}.Release|Any CPU.Build.0 = Release|Any CPU
	EndGlobalSection
	GlobalSection(SolutionProperties) = preSolution
		HideSolutionNode = FALSE
	EndGlobalSection
	GlobalSection(ExtensibilityGlobals) = postSolution
		SolutionGuid = {16BD76A0-EAEC-4240-B740-9121F9FA2553}
	EndGlobalSection
EndGlobal
